<?xml version="1.0" encoding="utf-8"?>
<Project ToolsVersion="4.0" xmlns="http://schemas.microsoft.com/developer/msbuild/2003">
  <ItemGroup>
    <Filter Include="Source Files">
      <UniqueIdentifier>{34e74f72-91d0-4949-bdea-5ae98e9549f5}</UniqueIdentifier>
      <Extensions>cpp;c;cxx;rc;def;r;odl;idl;hpj;bat</Extensions>
    </Filter>
    <Filter Include="Header Files">
      <UniqueIdentifier>{5d1b0d56-632a-4c7c-bdeb-9ba280d5cb29}</UniqueIdentifier>
      <Extensions>h;hpp;hxx;hm;inl</Extensions>
    </Filter>
    <Filter Include="Resource Files">
      <UniqueIdentifier>{68c139ee-f6f0-4c1e-ac2e-6a81adb284c0}</UniqueIdentifier>
      <Extensions>ico;cur;bmp;dlg;rc2;rct;bin;rgs;gif;jpg;jpeg;jpe</Extensions>
    </Filter>
  </ItemGroup>
  <ItemGroup>
    <ClCompile Include="001View.cpp">
      <Filter>Source Files</Filter>
    </ClCompile>
    <ClCompile Include="002View.cpp">
      <Filter>Source Files</Filter>
    </ClCompile>
    <ClCompile Include="003View.cpp">
      <Filter>Source Files</Filter>
    </ClCompile>
    <ClCompile Include="004View.cpp">
      <Filter>Source Files</Filter>
    </ClCompile>
    <ClCompile Include="005View.cpp">
      <Filter>Source Files</Filter>
    </ClCompile>
    <ClCompile Include="007View.cpp">
      <Filter>Source Files</Filter>
    </ClCompile>
    <ClCompile Include="MainFrm.cpp">
      <Filter>Source Files</Filter>
    </ClCompile>
    <ClCompile Include="splt.cpp">
      <Filter>Source Files</Filter>
    </ClCompile>
    <ClCompile Include="spltDoc.cpp">
      <Filter>Source Files</Filter>
    </ClCompile>
    <ClCompile Include="StdAfx.cpp">
      <Filter>Source Files</Filter>
    </ClCompile>
    <ClCompile Include="test.cpp">
      <Filter>Source Files</Filter>
    </ClCompile>
  </ItemGroup>
  <ItemGroup>
    <ResourceCompile Include="splt.rc">
      <Filter>Source Files</Filter>
    </ResourceCompile>
  </ItemGroup>
  <ItemGroup>
    <ClInclude Include="001View.h">
      <Filter>Header Files</Filter>
    </ClInclude>
    <ClInclude Include="002View.h">
      <Filter>Header Files</Filter>
    </ClInclude>
    <ClInclude Include="003View.h">
      <Filter>Header Files</Filter>
    </ClInclude>
    <ClInclude Include="004View.h">
      <Filter>Header Files</Filter>
    </ClInclude>
    <ClInclude Include="005View.h">
      <Filter>Header Files</Filter>
    </ClInclude>
    <ClInclude Include="007View.h">
      <Filter>Header Files</Filter>
    </ClInclude>
    <ClInclude Include="MainFrm.h">
      <Filter>Header Files</Filter>
    </ClInclude>
    <ClInclude Include="Resource.h">
      <Filter>Header Files</Filter>
    </ClInclude>
    <ClInclude Include="splt.h">
      <Filter>Header Files</Filter>
    </ClInclude>
    <ClInclude Include="spltDoc.h">
      <Filter>Header Files</Filter>
    </ClInclude>
    <ClInclude Include="StdAfx.h">
      <Filter>Header Files</Filter>
    </ClInclude>
    <ClInclude Include="test.h">
      <Filter>Header Files</Filter>
    </ClInclude>
  </ItemGroup>
  <ItemGroup>
    <CustomBuild Include="res\splt.ico">
      <Filter>Resource Files</Filter>
    </CustomBuild>
    <CustomBuild Include="res\splt.rc2">
      <Filter>Resource Files</Filter>
    </CustomBuild>
    <CustomBuild Include="res\spltDoc.ico">
      <Filter>Resource Files</Filter>
    </CustomBuild>
    <CustomBuild Include="res\Toolbar.bmp">
      <Filter>Resource Files</Filter>
    </CustomBuild>
    <CustomBuild Include="ReadMe.txt" />
  </ItemGroup>
</Project>